{
    "_readme": [
        "This file locks the dependencies of your project to a known state",
        "Read more about it at https://getcomposer.org/doc/01-basic-usage.md#installing-dependencies",
        "This file is @generated automatically"
    ],
    "content-hash": "4dcc4ec2f2919d678f904d5fadbf114f",
    "packages": [
        {
            "name": "bref/bref",
            "version": "2.4.16",
            "source": {
                "type": "git",
                "url": "https://github.com/brefphp/bref.git",
                "reference": "ce27aa118938138e919bce58ce0c2a65013632c2"
            },
            "dist": {
                "type": "zip",
                "url": "https://api.github.com/repos/brefphp/bref/zipball/ce27aa118938138e919bce58ce0c2a65013632c2",
                "reference": "ce27aa118938138e919bce58ce0c2a65013632c2",
                "shasum": ""
            },
            "require": {
                "crwlr/query-string": "^1.0.3",
                "ext-curl": "*",
                "ext-json": "*",
                "hollodotme/fast-cgi-client": "^3.0.1",
                "nyholm/psr7": "^1.4.1",
                "php": ">=8.0",
                "psr/container": "^1.0|^2.0",
                "psr/http-message": "^1.0|^2.0",
                "psr/http-server-handler": "^1.0",
                "riverline/multipart-parser": "^2.1.2",
                "symfony/process": "^4.4|^5.0|^6.0|^7.0|^8.0"
            },
            "require-dev": {
                "async-aws/core": "^1.0",
                "async-aws/lambda": "^1.0",
                "aws/aws-sdk-php": "^3.172",
                "bref/secrets-loader": "^1.0",
                "dms/phpunit-arraysubset-asserts": "^0.4",
                "doctrine/coding-standard": "^8.0",
                "guzzlehttp/guzzle": "^7.5",
                "phpstan/phpstan": "^1.10.26",
                "phpunit/phpunit": "^9.6.10",
                "symfony/console": "^4.4|^5.0|^6.0|^7.0|^8.0",
                "symfony/yaml": "^4.4|^5.0|^6.0|^7.0|^8.0"
            },
            "bin": [
                "bref",
                "src/bref-local"
            ],
            "type": "project",
            "autoload": {
                "psr-4": {
                    "Bref\\": "src"
                }
            },
            "notification-url": "https://packagist.org/downloads/",
            "license": [
                "MIT"
            ],
            "description": "Bref is a framework to write and deploy serverless PHP applications on AWS Lambda.",
            "homepage": "https://bref.sh",
            "keywords": [
                "aws",
                "bref",
                "faas",
                "lambda",
                "serverless"
            ],
            "support": {
                "issues": "https://github.com/brefphp/bref/issues",
                "source": "https://github.com/brefphp/bref/tree/2.4.16"
            },
            "funding": [
                {
                    "url": "https://bref.sh/#enterprise",
                    "type": "custom"
                },
                {
                    "url": "https://github.com/mnapoli",
                    "type": "github"
                }
            ],
            "time": "2025-12-01T14:15:08+00:00"
        },
        {
            "name": "carbonphp/carbon-doctrine-types",
            "version": "3.2.0",
            "source": {
                "type": "git",
                "url": "https://github.com/CarbonPHP/carbon-doctrine-types.git",
                "reference": "18ba5ddfec8976260ead6e866180bd5d2f71aa1d"
            },
            "dist": {
                "type": "zip",
                "url": "https://api.github.com/repos/CarbonPHP/carbon-doctrine-types/zipball/18ba5ddfec8976260ead6e866180bd5d2f71aa1d",
                "reference": "18ba5ddfec8976260ead6e866180bd5d2f71aa1d",
                "shasum": ""
            },
            "require": {
                "php": "^8.1"
            },
            "conflict": {
                "doctrine/dbal": "<4.0.0 || >=5.0.0"
            },
            "require-dev": {
                "doctrine/dbal": "^4.0.0",
                "nesbot/carbon": "^2.71.0 || ^3.0.0",
                "phpunit/phpunit": "^10.3"
            },
            "type": "library",
            "autoload": {
                "psr-4": {
                    "Carbon\\Doctrine\\": "src/Carbon/Doctrine/"
                }
            },
            "notification-url": "https://packagist.org/downloads/",
            "license": [
                "MIT"
            ],
            "authors": [
                {
                    "name": "KyleKatarn",
                    "email": "kylekatarnls@gmail.com"
                }
            ],
            "description": "Types to use Carbon in Doctrine",
            "keywords": [
                "carbon",
                "date",
                "datetime",
                "doctrine",
                "time"
            ],
            "support": {
                "issues": "https://github.com/CarbonPHP/carbon-doctrine-types/issues",
                "source": "https://github.com/CarbonPHP/carbon-doctrine-types/tree/3.2.0"
            },
            "funding": [
                {
                    "url": "https://github.com/kylekatarnls",
                    "type": "github"
                },
                {
                    "url": "https://opencollective.com/Carbon",
                    "type": "open_collective"
                },
                {
                    "url": "https://tidelift.com/funding/github/packagist/nesbot/carbon",
                    "type": "tidelift"
                }
            ],
            "time": "2024-02-09T16:56:22+00:00"
        },
        {
            "name": "crwlr/query-string",
            "version": "v1.0.3",
            "source": {
                "type": "git",
                "url": "https://github.com/crwlrsoft/query-string.git",
                "reference": "4e71cae0c942fe1ce2ae22506bd46ecdfa5b4f0e"
            },
            "dist": {
                "type": "zip",
                "url": "https://api.github.com/repos/crwlrsoft/query-string/zipball/4e71cae0c942fe1ce2ae22506bd46ecdfa5b4f0e",
                "reference": "4e71cae0c942fe1ce2ae22506bd46ecdfa5b4f0e",
                "shasum": ""
            },
            "require": {
                "php": "^8.0"
            },
            "require-dev": {
                "friendsofphp/php-cs-fixer": "^3.8",
                "pestphp/pest": "^1.21",
                "phpstan/phpstan": "^1.7"
            },
            "type": "library",
            "autoload": {
                "psr-4": {
                    "Crwlr\\QueryString\\": "src/"
                }
            },
            "notification-url": "https://packagist.org/downloads/",
            "license": [
                "MIT"
            ],
            "authors": [
                {
                    "name": "Christian Olear",
                    "homepage": "https://www.otsch.codes",
                    "role": "Developer"
                }
            ],
            "description": "A library for convenient handling of query strings used in HTTP requests.",
            "homepage": "https://www.crwlr.software/packages/query-string",
            "keywords": [
                "crwlr",
                "http",
                "query",
                "query string",
                "query-string",
                "request",
                "string"
            ],
            "support": {
                "docs": "https://www.crwlr.software/packages/query-string",
                "issues": "https://github.com/crwlrsoft/query-string/issues",
                "source": "https://github.com/crwlrsoft/query-string"
            },
            "time": "2023-04-12T21:31:58+00:00"
        },
        {
            "name": "hollodotme/fast-cgi-client",
            "version": "v3.1.7",
            "source": {
                "type": "git",
                "url": "https://github.com/hollodotme/fast-cgi-client.git",
                "reference": "062182d4eda73c161cc2839783acc83096ec0f37"
            },
            "dist": {
                "type": "zip",
                "url": "https://api.github.com/repos/hollodotme/fast-cgi-client/zipball/062182d4eda73c161cc2839783acc83096ec0f37",
                "reference": "062182d4eda73c161cc2839783acc83096ec0f37",
                "shasum": ""
            },
            "require": {
                "ext-json": "*",
                "php": ">=7.1"
            },
            "require-dev": {
                "ext-xdebug": ">=2.6.0"
            },
            "type": "library",
            "autoload": {
                "psr-4": {
                    "hollodotme\\FastCGI\\": "src/"
                }
            },
            "notification-url": "https://packagist.org/downloads/",
            "license": [
                "MIT"
            ],
            "authors": [
                {
                    "name": "Holger Woltersdorf",
                    "email": "hw@hollo.me"
                }
            ],
            "description": "A PHP fast CGI client to send requests (a)synchronously to PHP-FPM.",
            "keywords": [
                "Socket",
                "async",
                "fastcgi",
                "php-fpm"
            ],
            "support": {
                "issues": "https://github.com/hollodotme/fast-cgi-client/issues",
                "source": "https://github.com/hollodotme/fast-cgi-client/tree/v3.1.7"
            },
            "time": "2021-12-07T10:10:20+00:00"
        },
        {
            "name": "nesbot/carbon",
            "version": "3.11.0",
            "source": {
                "type": "git",
                "url": "https://github.com/CarbonPHP/carbon.git",
                "reference": "bdb375400dcd162624531666db4799b36b64e4a1"
            },
            "dist": {
                "type": "zip",
                "url": "https://api.github.com/repos/CarbonPHP/carbon/zipball/bdb375400dcd162624531666db4799b36b64e4a1",
                "reference": "bdb375400dcd162624531666db4799b36b64e4a1",
                "shasum": ""
            },
            "require": {
                "carbonphp/carbon-doctrine-types": "<100.0",
                "ext-json": "*",
                "php": "^8.1",
                "psr/clock": "^1.0",
                "symfony/clock": "^6.3.12 || ^7.0 || ^8.0",
                "symfony/polyfill-mbstring": "^1.0",
                "symfony/translation": "^4.4.18 || ^5.2.1 || ^6.0 || ^7.0 || ^8.0"
            },
            "provide": {
                "psr/clock-implementation": "1.0"
            },
            "require-dev": {
                "doctrine/dbal": "^3.6.3 || ^4.0",
                "doctrine/orm": "^2.15.2 || ^3.0",
                "friendsofphp/php-cs-fixer": "^v3.87.1",
                "kylekatarnls/multi-tester": "^2.5.3",
                "phpmd/phpmd": "^2.15.0",
                "phpstan/extension-installer": "^1.4.3",
                "phpstan/phpstan": "^2.1.22",
                "phpunit/phpunit": "^10.5.53",
                "squizlabs/php_codesniffer": "^3.13.4"
            },
            "bin": [
                "bin/carbon"
            ],
            "type": "library",
            "extra": {
                "laravel": {
                    "providers": [
                        "Carbon\\Laravel\\ServiceProvider"
                    ]
                },
                "phpstan": {
                    "includes": [
                        "extension.neon"
                    ]
                },
                "branch-alias": {
                    "dev-2.x": "2.x-dev",
                    "dev-master": "3.x-dev"
                }
            },
            "autoload": {
                "psr-4": {
                    "Carbon\\": "src/Carbon/"
                }
            },
            "notification-url": "https://packagist.org/downloads/",
            "license": [
                "MIT"
            ],
            "authors": [
                {
                    "name": "Brian Nesbitt",
                    "email": "brian@nesbot.com",
                    "homepage": "https://markido.com"
                },
                {
                    "name": "kylekatarnls",
                    "homepage": "https://github.com/kylekatarnls"
                }
            ],
            "description": "An API extension for DateTime that supports 281 different languages.",
            "homepage": "https://carbon.nesbot.com",
            "keywords": [
                "date",
                "datetime",
                "time"
            ],
            "support": {
                "docs": "https://carbon.nesbot.com/docs",
                "issues": "https://github.com/CarbonPHP/carbon/issues",
                "source": "https://github.com/CarbonPHP/carbon"
            },
            "funding": [
                {
                    "url": "https://github.com/sponsors/kylekatarnls",
                    "type": "github"
                },
                {
                    "url": "https://opencollective.com/Carbon#sponsor",
                    "type": "opencollective"
                },
                {
                    "url": "https://tidelift.com/subscription/pkg/packagist-nesbot-carbon?utm_source=packagist-nesbot-carbon&utm_medium=referral&utm_campaign=readme",
                    "type": "tidelift"
                }
            ],
            "time": "2025-12-02T21:04:28+00:00"
        },
        {
            "name": "nyholm/psr7",
            "version": "1.8.2",
            "source": {
                "type": "git",
                "url": "https://github.com/Nyholm/psr7.git",
                "reference": "a71f2b11690f4b24d099d6b16690a90ae14fc6f3"
            },
            "dist": {
                "type": "zip",
                "url": "https://api.github.com/repos/Nyholm/psr7/zipball/a71f2b11690f4b24d099d6b16690a90ae14fc6f3",
                "reference": "a71f2b11690f4b24d099d6b16690a90ae14fc6f3",
                "shasum": ""
            },
            "require": {
                "php": ">=7.2",
                "psr/http-factory": "^1.0",
                "psr/http-message": "^1.1 || ^2.0"
            },
            "provide": {
                "php-http/message-factory-implementation": "1.0",
                "psr/http-factory-implementation": "1.0",
                "psr/http-message-implementation": "1.0"
            },
            "require-dev": {
                "http-interop/http-factory-tests": "^0.9",
                "php-http/message-factory": "^1.0",
                "php-http/psr7-integration-tests": "^1.0",
                "phpunit/phpunit": "^7.5 || ^8.5 || ^9.4",
                "symfony/error-handler": "^4.4"
            },
            "type": "library",
            "extra": {
                "branch-alias": {
                    "dev-master": "1.8-dev"
                }
            },
            "autoload": {
                "psr-4": {
                    "Nyholm\\Psr7\\": "src/"
                }
            },
            "notification-url": "https://packagist.org/downloads/",
            "license": [
                "MIT"
            ],
            "authors": [
                {
                    "name": "Tobias Nyholm",
                    "email": "tobias.nyholm@gmail.com"
                },
                {
                    "name": "Martijn van der Ven",
                    "email": "martijn@vanderven.se"
                }
            ],
            "description": "A fast PHP7 implementation of PSR-7",
            "homepage": "https://tnyholm.se",
            "keywords": [
                "psr-17",
                "psr-7"
            ],
            "support": {
                "issues": "https://github.com/Nyholm/psr7/issues",
                "source": "https://github.com/Nyholm/psr7/tree/1.8.2"
            },
            "funding": [
                {
                    "url": "https://github.com/Zegnat",
                    "type": "github"
                },
                {
                    "url": "https://github.com/nyholm",
                    "type": "github"
                }
            ],
            "time": "2024-09-09T07:06:30+00:00"
        },
        {
            "name": "psr/clock",
            "version": "1.0.0",
            "source": {
                "type": "git",
                "url": "https://github.com/php-fig/clock.git",
                "reference": "e41a24703d4560fd0acb709162f73b8adfc3aa0d"
            },
            "dist": {
                "type": "zip",
                "url": "https://api.github.com/repos/php-fig/clock/zipball/e41a24703d4560fd0acb709162f73b8adfc3aa0d",
                "reference": "e41a24703d4560fd0acb709162f73b8adfc3aa0d",
                "shasum": ""
            },
            "require": {
                "php": "^7.0 || ^8.0"
            },
            "type": "library",
            "autoload": {
                "psr-4": {
                    "Psr\\Clock\\": "src/"
                }
            },
            "notification-url": "https://packagist.org/downloads/",
            "license": [
                "MIT"
            ],
            "authors": [
                {
                    "name": "PHP-FIG",
                    "homepage": "https://www.php-fig.org/"
                }
            ],
            "description": "Common interface for reading the clock.",
            "homepage": "https://github.com/php-fig/clock",
            "keywords": [
                "clock",
                "now",
                "psr",
                "psr-20",
                "time"
            ],
            "support": {
                "issues": "https://github.com/php-fig/clock/issues",
                "source": "https://github.com/php-fig/clock/tree/1.0.0"
            },
            "time": "2022-11-25T14:36:26+00:00"
        },
        {
            "name": "psr/container",
            "version": "2.0.2",
            "source": {
                "type": "git",
                "url": "https://github.com/php-fig/container.git",
                "reference": "c71ecc56dfe541dbd90c5360474fbc405f8d5963"
            },
            "dist": {
                "type": "zip",
                "url": "https://api.github.com/repos/php-fig/container/zipball/c71ecc56dfe541dbd90c5360474fbc405f8d5963",
                "reference": "c71ecc56dfe541dbd90c5360474fbc405f8d5963",
                "shasum": ""
            },
            "require": {
                "php": ">=7.4.0"
            },
            "type": "library",
            "extra": {
                "branch-alias": {
                    "dev-master": "2.0.x-dev"
                }
            },
            "autoload": {
                "psr-4": {
                    "Psr\\Container\\": "src/"
                }
            },
            "notification-url": "https://packagist.org/downloads/",
            "license": [
                "MIT"
            ],
            "authors": [
                {
                    "name": "PHP-FIG",
                    "homepage": "https://www.php-fig.org/"
                }
            ],
            "description": "Common Container Interface (PHP FIG PSR-11)",
            "homepage": "https://github.com/php-fig/container",
            "keywords": [
                "PSR-11",
                "container",
                "container-interface",
                "container-interop",
                "psr"
            ],
            "support": {
                "issues": "https://github.com/php-fig/container/issues",
                "source": "https://github.com/php-fig/container/tree/2.0.2"
            },
            "time": "2021-11-05T16:47:00+00:00"
        },
        {
            "name": "psr/http-factory",
            "version": "1.1.0",
            "source": {
                "type": "git",
                "url": "https://github.com/php-fig/http-factory.git",
                "reference": "2b4765fddfe3b508ac62f829e852b1501d3f6e8a"
            },
            "dist": {
                "type": "zip",
                "url": "https://api.github.com/repos/php-fig/http-factory/zipball/2b4765fddfe3b508ac62f829e852b1501d3f6e8a",
                "reference": "2b4765fddfe3b508ac62f829e852b1501d3f6e8a",
                "shasum": ""
            },
            "require": {
                "php": ">=7.1",
                "psr/http-message": "^1.0 || ^2.0"
            },
            "type": "library",
            "extra": {
                "branch-alias": {
                    "dev-master": "1.0.x-dev"
                }
            },
            "autoload": {
                "psr-4": {
                    "Psr\\Http\\Message\\": "src/"
                }
            },
            "notification-url": "https://packagist.org/downloads/",
            "license": [
                "MIT"
            ],
            "authors": [
                {
                    "name": "PHP-FIG",
                    "homepage": "https://www.php-fig.org/"
                }
            ],
            "description": "PSR-17: Common interfaces for PSR-7 HTTP message factories",
            "keywords": [
                "factory",
                "http",
                "message",
                "psr",
                "psr-17",
                "psr-7",
                "request",
                "response"
            ],
            "support": {
                "source": "https://github.com/php-fig/http-factory"
            },
            "time": "2024-04-15T12:06:14+00:00"
        },
        {
            "name": "psr/http-message",
            "version": "2.0",
            "source": {
                "type": "git",
                "url": "https://github.com/php-fig/http-message.git",
                "reference": "402d35bcb92c70c026d1a6a9883f06b2ead23d71"
            },
            "dist": {
                "type": "zip",
                "url": "https://api.github.com/repos/php-fig/http-message/zipball/402d35bcb92c70c026d1a6a9883f06b2ead23d71",
                "reference": "402d35bcb92c70c026d1a6a9883f06b2ead23d71",
                "shasum": ""
            },
            "require": {
                "php": "^7.2 || ^8.0"
            },
            "type": "library",
            "extra": {
                "branch-alias": {
                    "dev-master": "2.0.x-dev"
                }
            },
            "autoload": {
                "psr-4": {
                    "Psr\\Http\\Message\\": "src/"
                }
            },
            "notification-url": "https://packagist.org/downloads/",
            "license": [
                "MIT"
            ],
            "authors": [
                {
                    "name": "PHP-FIG",
                    "homepage": "https://www.php-fig.org/"
                }
            ],
            "description": "Common interface for HTTP messages",
            "homepage": "https://github.com/php-fig/http-message",
            "keywords": [
                "http",
                "http-message",
                "psr",
                "psr-7",
                "request",
                "response"
            ],
            "support": {
                "source": "https://github.com/php-fig/http-message/tree/2.0"
            },
            "time": "2023-04-04T09:54:51+00:00"
        },
        {
            "name": "psr/http-server-handler",
            "version": "1.0.2",
            "source": {
                "type": "git",
                "url": "https://github.com/php-fig/http-server-handler.git",
                "reference": "84c4fb66179be4caaf8e97bd239203245302e7d4"
            },
            "dist": {
                "type": "zip",
                "url": "https://api.github.com/repos/php-fig/http-server-handler/zipball/84c4fb66179be4caaf8e97bd239203245302e7d4",
                "reference": "84c4fb66179be4caaf8e97bd239203245302e7d4",
                "shasum": ""
            },
            "require": {
                "php": ">=7.0",
                "psr/http-message": "^1.0 || ^2.0"
            },
            "type": "library",
            "extra": {
                "branch-alias": {
                    "dev-master": "1.0.x-dev"
                }
            },
            "autoload": {
                "psr-4": {
                    "Psr\\Http\\Server\\": "src/"
                }
            },
            "notification-url": "https://packagist.org/downloads/",
            "license": [
                "MIT"
            ],
            "authors": [
                {
                    "name": "PHP-FIG",
                    "homepage": "https://www.php-fig.org/"
                }
            ],
            "description": "Common interface for HTTP server-side request handler",
            "keywords": [
                "handler",
                "http",
                "http-interop",
                "psr",
                "psr-15",
                "psr-7",
                "request",
                "response",
                "server"
            ],
            "support": {
                "source": "https://github.com/php-fig/http-server-handler/tree/1.0.2"
            },
            "time": "2023-04-10T20:06:20+00:00"
        },
        {
            "name": "riverline/multipart-parser",
            "version": "2.2.0",
            "source": {
                "type": "git",
                "url": "https://github.com/Riverline/multipart-parser.git",
                "reference": "1410f23a8fd416a0cf5c8867ea9c95544016c831"
            },
            "dist": {
                "type": "zip",
                "url": "https://api.github.com/repos/Riverline/multipart-parser/zipball/1410f23a8fd416a0cf5c8867ea9c95544016c831",
                "reference": "1410f23a8fd416a0cf5c8867ea9c95544016c831",
                "shasum": ""
            },
            "require": {
                "ext-mbstring": "*",
                "php": ">=5.6.0"
            },
            "require-dev": {
                "laminas/laminas-diactoros": "^1.8.7 || ^2.11.1",
                "phpunit/phpunit": "^5.7 || ^9.0",
                "psr/http-message": "^1.0",
                "symfony/psr-http-message-bridge": "^1.1 || ^2.0"
            },
            "type": "library",
            "autoload": {
                "psr-4": {
                    "Riverline\\MultiPartParser\\": "src/"
                }
            },
            "notification-url": "https://packagist.org/downloads/",
            "license": [
                "MIT"
            ],
            "authors": [
                {
                    "name": "Romain Cambien",
                    "email": "romain@cambien.net"
                },
                {
                    "name": "Riverline",
                    "homepage": "http://www.riverline.fr"
                }
            ],
            "description": "One class library to parse multipart content with encoding and charset support.",
            "keywords": [
                "http",
                "multipart",
                "parser"
            ],
            "support": {
                "issues": "https://github.com/Riverline/multipart-parser/issues",
                "source": "https://github.com/Riverline/multipart-parser/tree/2.2.0"
            },
            "time": "2025-04-29T08:38:14+00:00"
        },
        {
            "name": "symfony/clock",
            "version": "v8.0.0",
            "source": {
                "type": "git",
                "url": "https://github.com/symfony/clock.git",
                "reference": "832119f9b8dbc6c8e6f65f30c5969eca1e88764f"
            },
            "dist": {
                "type": "zip",
                "url": "https://api.github.com/repos/symfony/clock/zipball/832119f9b8dbc6c8e6f65f30c5969eca1e88764f",
                "reference": "832119f9b8dbc6c8e6f65f30c5969eca1e88764f",
                "shasum": ""
            },
            "require": {
                "php": ">=8.4",
                "psr/clock": "^1.0"
            },
            "provide": {
                "psr/clock-implementation": "1.0"
            },
            "type": "library",
            "autoload": {
                "files": [
                    "Resources/now.php"
                ],
                "psr-4": {
                    "Symfony\\Component\\Clock\\": ""
                },
                "exclude-from-classmap": [
                    "/Tests/"
                ]
            },
            "notification-url": "https://packagist.org/downloads/",
            "license": [
                "MIT"
            ],
            "authors": [
                {
                    "name": "Nicolas Grekas",
                    "email": "p@tchwork.com"
                },
                {
                    "name": "Symfony Community",
                    "homepage": "https://symfony.com/contributors"
                }
            ],
            "description": "Decouples applications from the system clock",
            "homepage": "https://symfony.com",
            "keywords": [
                "clock",
                "psr20",
                "time"
            ],
            "support": {
                "source": "https://github.com/symfony/clock/tree/v8.0.0"
            },
            "funding": [
                {
                    "url": "https://symfony.com/sponsor",
                    "type": "custom"
                },
                {
                    "url": "https://github.com/fabpot",
                    "type": "github"
                },
                {
                    "url": "https://github.com/nicolas-grekas",
                    "type": "github"
                },
                {
                    "url": "https://tidelift.com/funding/github/packagist/symfony/symfony",
                    "type": "tidelift"
                }
            ],
            "time": "2025-11-12T15:46:48+00:00"
        },
        {
            "name": "symfony/polyfill-mbstring",
            "version": "v1.33.0",
            "source": {
                "type": "git",
                "url": "https://github.com/symfony/polyfill-mbstring.git",
                "reference": "6d857f4d76bd4b343eac26d6b539585d2bc56493"
            },
            "dist": {
                "type": "zip",
                "url": "https://api.github.com/repos/symfony/polyfill-mbstring/zipball/6d857f4d76bd4b343eac26d6b539585d2bc56493",
                "reference": "6d857f4d76bd4b343eac26d6b539585d2bc56493",
                "shasum": ""
            },
            "require": {
                "ext-iconv": "*",
                "php": ">=7.2"
            },
            "provide": {
                "ext-mbstring": "*"
            },
            "suggest": {
                "ext-mbstring": "For best performance"
            },
            "type": "library",
            "extra": {
                "thanks": {
                    "url": "https://github.com/symfony/polyfill",
                    "name": "symfony/polyfill"
                }
            },
            "autoload": {
                "files": [
                    "bootstrap.php"
                ],
                "psr-4": {
                    "Symfony\\Polyfill\\Mbstring\\": ""
                }
            },
            "notification-url": "https://packagist.org/downloads/",
            "license": [
                "MIT"
            ],
            "authors": [
                {
                    "name": "Nicolas Grekas",
                    "email": "p@tchwork.com"
                },
                {
                    "name": "Symfony Community",
                    "homepage": "https://symfony.com/contributors"
                }
            ],
            "description": "Symfony polyfill for the Mbstring extension",
            "homepage": "https://symfony.com",
            "keywords": [
                "compatibility",
                "mbstring",
                "polyfill",
                "portable",
                "shim"
            ],
            "support": {
                "source": "https://github.com/symfony/polyfill-mbstring/tree/v1.33.0"
            },
            "funding": [
                {
                    "url": "https://symfony.com/sponsor",
                    "type": "custom"
                },
                {
                    "url": "https://github.com/fabpot",
                    "type": "github"
                },
                {
                    "url": "https://github.com/nicolas-grekas",
                    "type": "github"
                },
                {
                    "url": "https://tidelift.com/funding/github/packagist/symfony/symfony",
                    "type": "tidelift"
                }
            ],
            "time": "2024-12-23T08:48:59+00:00"
        },
        {
            "name": "symfony/process",
            "version": "v8.0.0",
            "source": {
                "type": "git",
                "url": "https://github.com/symfony/process.git",
                "reference": "a0a750500c4ce900d69ba4e9faf16f82c10ee149"
            },
            "dist": {
                "type": "zip",
                "url": "https://api.github.com/repos/symfony/process/zipball/a0a750500c4ce900d69ba4e9faf16f82c10ee149",
                "reference": "a0a750500c4ce900d69ba4e9faf16f82c10ee149",
                "shasum": ""
            },
            "require": {
                "php": ">=8.4"
            },
            "type": "library",
            "autoload": {
                "psr-4": {
                    "Symfony\\Component\\Process\\": ""
                },
                "exclude-from-classmap": [
                    "/Tests/"
                ]
            },
            "notification-url": "https://packagist.org/downloads/",
            "license": [
                "MIT"
            ],
            "authors": [
                {
                    "name": "Fabien Potencier",
                    "email": "fabien@symfony.com"
                },
                {
                    "name": "Symfony Community",
                    "homepage": "https://symfony.com/contributors"
                }
            ],
            "description": "Executes commands in sub-processes",
            "homepage": "https://symfony.com",
            "support": {
                "source": "https://github.com/symfony/process/tree/v8.0.0"
            },
            "funding": [
                {
                    "url": "https://symfony.com/sponsor",
                    "type": "custom"
                },
                {
                    "url": "https://github.com/fabpot",
                    "type": "github"
                },
                {
                    "url": "https://github.com/nicolas-grekas",
                    "type": "github"
                },
                {
                    "url": "https://tidelift.com/funding/github/packagist/symfony/symfony",
                    "type": "tidelift"
                }
            ],
            "time": "2025-10-16T16:25:44+00:00"
        },
        {
            "name": "symfony/translation",
            "version": "v8.0.1",
            "source": {
                "type": "git",
                "url": "https://github.com/symfony/translation.git",
                "reference": "770e3b8b0ba8360958abedcabacd4203467333ca"
            },
            "dist": {
                "type": "zip",
                "url": "https://api.github.com/repos/symfony/translation/zipball/770e3b8b0ba8360958abedcabacd4203467333ca",
                "reference": "770e3b8b0ba8360958abedcabacd4203467333ca",
                "shasum": ""
            },
            "require": {
                "php": ">=8.4",
                "symfony/polyfill-mbstring": "^1.0",
                "symfony/translation-contracts": "^3.6.1"
            },
            "conflict": {
                "nikic/php-parser": "<5.0",
                "symfony/http-client-contracts": "<2.5",
                "symfony/service-contracts": "<2.5"
            },
            "provide": {
                "symfony/translation-implementation": "2.3|3.0"
            },
            "require-dev": {
                "nikic/php-parser": "^5.0",
                "psr/log": "^1|^2|^3",
                "symfony/config": "^7.4|^8.0",
                "symfony/console": "^7.4|^8.0",
                "symfony/dependency-injection": "^7.4|^8.0",
                "symfony/finder": "^7.4|^8.0",
                "symfony/http-client-contracts": "^2.5|^3.0",
                "symfony/http-kernel": "^7.4|^8.0",
                "symfony/intl": "^7.4|^8.0",
                "symfony/polyfill-intl-icu": "^1.21",
                "symfony/routing": "^7.4|^8.0",
                "symfony/service-contracts": "^2.5|^3",
                "symfony/yaml": "^7.4|^8.0"
            },
            "type": "library",
            "autoload": {
                "files": [
                    "Resources/functions.php"
                ],
                "psr-4": {
                    "Symfony\\Component\\Translation\\": ""
                },
                "exclude-from-classmap": [
                    "/Tests/"
                ]
            },
            "notification-url": "https://packagist.org/downloads/",
            "license": [
                "MIT"
            ],
            "authors": [
                {
                    "name": "Fabien Potencier",
                    "email": "fabien@symfony.com"
                },
                {
                    "name": "Symfony Community",
                    "homepage": "https://symfony.com/contributors"
                }
            ],
            "description": "Provides tools to internationalize your application",
            "homepage": "https://symfony.com",
            "support": {
                "source": "https://github.com/symfony/translation/tree/v8.0.1"
            },
            "funding": [
                {
                    "url": "https://symfony.com/sponsor",
                    "type": "custom"
                },
                {
                    "url": "https://github.com/fabpot",
                    "type": "github"
                },
                {
                    "url": "https://github.com/nicolas-grekas",
                    "type": "github"
                },
                {
                    "url": "https://tidelift.com/funding/github/packagist/symfony/symfony",
                    "type": "tidelift"
                }
            ],
            "time": "2025-12-01T09:13:36+00:00"
        },
        {
            "name": "symfony/translation-contracts",
            "version": "v3.6.1",
            "source": {
                "type": "git",
                "url": "https://github.com/symfony/translation-contracts.git",
                "reference": "65a8bc82080447fae78373aa10f8d13b38338977"
            },
            "dist": {
                "type": "zip",
                "url": "https://api.github.com/repos/symfony/translation-contracts/zipball/65a8bc82080447fae78373aa10f8d13b38338977",
                "reference": "65a8bc82080447fae78373aa10f8d13b38338977",
                "shasum": ""
            },
            "require": {
                "php": ">=8.1"
            },
            "type": "library",
            "extra": {
                "thanks": {
                    "url": "https://github.com/symfony/contracts",
                    "name": "symfony/contracts"
                },
                "branch-alias": {
                    "dev-main": "3.6-dev"
                }
            },
            "autoload": {
                "psr-4": {
                    "Symfony\\Contracts\\Translation\\": ""
                },
                "exclude-from-classmap": [
                    "/Test/"
                ]
            },
            "notification-url": "https://packagist.org/downloads/",
            "license": [
                "MIT"
            ],
            "authors": [
                {
                    "name": "Nicolas Grekas",
                    "email": "p@tchwork.com"
                },
                {
                    "name": "Symfony Community",
                    "homepage": "https://symfony.com/contributors"
                }
            ],
            "description": "Generic abstractions related to translation",
            "homepage": "https://symfony.com",
            "keywords": [
                "abstractions",
                "contracts",
                "decoupling",
                "interfaces",
                "interoperability",
                "standards"
            ],
            "support": {
                "source": "https://github.com/symfony/translation-contracts/tree/v3.6.1"
            },
            "funding": [
                {
                    "url": "https://symfony.com/sponsor",
                    "type": "custom"
                },
                {
                    "url": "https://github.com/fabpot",
                    "type": "github"
                },
                {
                    "url": "https://github.com/nicolas-grekas",
                    "type": "github"
                },
                {
                    "url": "https://tidelift.com/funding/github/packagist/symfony/symfony",
                    "type": "tidelift"
                }
            ],
            "time": "2025-07-15T13:41:35+00:00"
        }
    ],
    "packages-dev": [],
    "aliases": [],
    "minimum-stability": "stable",
    "stability-flags": {},
    "prefer-stable": false,
    "prefer-lowest": false,
    "platform": {},
    "platform-dev": {},
    "plugin-api-version": "2.9.0"
}
